
Microsoft Visual Studio Solution File, Format Version 12.00
# Visual Studio Version 16
VisualStudioVersion = 16.0.31025.194
MinimumVisualStudioVersion = 10.0.40219.1
Project("{9A19103F-16F7-4668-BE54-9A1E7A4F7556}") = "WebNotepad", "WebNotepad\WebNotepad.csproj", "{D208123C-56AA-402D-8C63-19A0E89C4364}"
EndProject
Project("{FAE04EC0-301F-11D3-BF4B-00C04F79EFBC}") = "WebNotepad.Tests", "WebNotepad.Tests\WebNotepad.Tests.csproj", "{3D212761-ECC9-4789-A988-C9ADA0FE9FCF}"
EndProject
Global
	GlobalSection(SolutionConfigurationPlatforms) = preSolution
		Debug|Any CPU = Debug|Any CPU
		Release|Any CPU = Release|Any CPU
	EndGlobalSection
	GlobalSection(ProjectConfigurationPlatforms) = postSolution
		{D208123C-56AA-402D-8C63-19A0E89C4364}.Debug|Any CPU.ActiveCfg = Debug|Any CPU
		{D208123C-56AA-402D-8C63-19A0E89C4364}.Debug|Any CPU.Build.0 = Debug|Any CPU
		{D208123C-56AA-402D-8C63-19A0E89C4364}.Release|Any CPU.ActiveCfg = Release|Any CPU
		{D208123C-56AA-402D-8C63-19A0E89C4364}.Release|Any CPU.Build.0 = Release|Any CPU
		{3D212761-ECC9-4789-A988-C9ADA0FE9FCF}.Debug|Any CPU.ActiveCfg = Debug|Any CPU
		{3D212761-ECC9-4789-A988-C9ADA0FE9FCF}.Debug|Any CPU.Build.0 = Debug|Any CPU
		{3D212761-ECC9-4789-A988-C9ADA0FE9FCF}.Release|Any CPU.ActiveCfg = Release|Any CPU
		{3D212761-ECC9-4789-A988-C9ADA0FE9FCF}.Release|Any CPU.Build.0 = Release|Any CPU
	EndGlobalSection
	GlobalSection(SolutionProperties) = preSolution
		HideSolutionNode = FALSE
	EndGlobalSection
	GlobalSection(ExtensibilityGlobals) = postSolution
		SolutionGuid = {EB15B8A8-08B0-4F3C-98AD-0866022C71EE}
	EndGlobalSection
EndGlobal
